
Microsoft Visual Studio Solution File, Format Version 12.00
# Visual Studio Version 16
VisualStudioVersion = 16.0.29306.81
MinimumVisualStudioVersion = 10.0.40219.1
Project("{FAE04EC0-301F-11D3-BF4B-00C04F79EFBC}") = "Capa_Presentacion", "Capa_Presentacion\Capa_Presentacion.csproj", "{F2DE86B8-B2AD-4A53-9354-0FDA04645D1E}"
EndProject
Project("{FAE04EC0-301F-11D3-BF4B-00C04F79EFBC}") = "Capa_Datos", "Capa_Datos\Capa_Datos.csproj", "{A20BC600-B934-45FC-BF80-B2DA18A8684A}"
EndProject
Project("{FAE04EC0-301F-11D3-BF4B-00C04F79EFBC}") = "Capa_Negocio", "Capa_Negocio\Capa_Negocio.csproj", "{057FBDA6-8E76-43D9-8EF6-D1D104C71B38}"
EndProject
Project("{2150E333-8FDC-42A3-9474-1A3956D46DE8}") = "BaseDeDatos", "BaseDeDatos", "{DED261EF-E0C4-41EA-B6E8-77D1504F8E96}"
	ProjectSection(SolutionItems) = preProject
		BD031219.sql = BD031219.sql
		BD051219.sql = BD051219.sql
		BD071219.sql = BD071219.sql
		BD081219.sql = BD081219.sql
		BD091219.sql = BD091219.sql
		BD161119.sql = BD161119.sql
		BD181019.sql = BD181019.sql
		BD191119.sql = BD191119.sql
		BD201019.sql = BD201019.sql
		BD211019.sql = BD211019.sql
		BD260919.sql = BD260919.sql
		BDSASPRE.sql = BDSASPRE.sql
		ProcedimientoAlmacenadoDatosAtmosfericos.sql = ProcedimientoAlmacenadoDatosAtmosfericos.sql
	EndProjectSection
EndProject
Global
	GlobalSection(SolutionConfigurationPlatforms) = preSolution
		Debug|Any CPU = Debug|Any CPU
		Release|Any CPU = Release|Any CPU
	EndGlobalSection
	GlobalSection(ProjectConfigurationPlatforms) = postSolution
		{F2DE86B8-B2AD-4A53-9354-0FDA04645D1E}.Debug|Any CPU.ActiveCfg = Debug|Any CPU
		{F2DE86B8-B2AD-4A53-9354-0FDA04645D1E}.Debug|Any CPU.Build.0 = Debug|Any CPU
		{F2DE86B8-B2AD-4A53-9354-0FDA04645D1E}.Release|Any CPU.ActiveCfg = Release|Any CPU
		{F2DE86B8-B2AD-4A53-9354-0FDA04645D1E}.Release|Any CPU.Build.0 = Release|Any CPU
		{A20BC600-B934-45FC-BF80-B2DA18A8684A}.Debug|Any CPU.ActiveCfg = Debug|Any CPU
		{A20BC600-B934-45FC-BF80-B2DA18A8684A}.Debug|Any CPU.Build.0 = Debug|Any CPU
		{A20BC600-B934-45FC-BF80-B2DA18A8684A}.Release|Any CPU.ActiveCfg = Release|Any CPU
		{A20BC600-B934-45FC-BF80-B2DA18A8684A}.Release|Any CPU.Build.0 = Release|Any CPU
		{057FBDA6-8E76-43D9-8EF6-D1D104C71B38}.Debug|Any CPU.ActiveCfg = Debug|Any CPU
		{057FBDA6-8E76-43D9-8EF6-D1D104C71B38}.Debug|Any CPU.Build.0 = Debug|Any CPU
		{057FBDA6-8E76-43D9-8EF6-D1D104C71B38}.Release|Any CPU.ActiveCfg = Release|Any CPU
		{057FBDA6-8E76-43D9-8EF6-D1D104C71B38}.Release|Any CPU.Build.0 = Release|Any CPU
	EndGlobalSection
	GlobalSection(SolutionProperties) = preSolution
		HideSolutionNode = FALSE
	EndGlobalSection
	GlobalSection(ExtensibilityGlobals) = postSolution
		SolutionGuid = {2D797AC8-F88B-41FE-A339-090F9267AA78}
	EndGlobalSection
EndGlobal
